
Microsoft Visual Studio Solution File, Format Version 12.00
# Visual Studio Version 17
VisualStudioVersion = 17.5.002.0
MinimumVisualStudioVersion = 10.0.40219.1
Project("{9A19103F-16F7-4668-BE54-9A1E7A4F7556}") = "ArbolB", "ArbolB\ArbolB.csproj", "{006FB558-47C4-4642-B773-DE5127F87251}"
EndProject
Global
	GlobalSection(SolutionConfigurationPlatforms) = preSolution
		Debug|Any CPU = Debug|Any CPU
		Release|Any CPU = Release|Any CPU
	EndGlobalSection
	GlobalSection(ProjectConfigurationPlatforms) = postSolution
		{006FB558-47C4-4642-B773-DE5127F87251}.Debug|Any CPU.ActiveCfg = Debug|Any CPU
		{006FB558-47C4-4642-B773-DE5127F87251}.Debug|Any CPU.Build.0 = Debug|Any CPU
		{006FB558-47C4-4642-B773-DE5127F87251}.Release|Any CPU.ActiveCfg = Release|Any CPU
		{006FB558-47C4-4642-B773-DE5127F87251}.Release|Any CPU.Build.0 = Release|Any CPU
	EndGlobalSection
	GlobalSection(SolutionProperties) = preSolution
		HideSolutionNode = FALSE
	EndGlobalSection
	GlobalSection(ExtensibilityGlobals) = postSolution
		SolutionGuid = {8BB31692-C316-4279-A6BE-99AB6916E8CC}
	EndGlobalSection
EndGlobal
